// !$*UTF8*$!
{
	archiveVersion = 1;
	classes = {
	};
	objectVersion = 50;
	objects = {

/* Begin PBXBuildFile section */
		11FABCD2253BB226004E34C3 /* RequestsList.swift in Sources */ = {isa = PBXBuildFile; fileRef = 11FABCD1253BB226004E34C3 /* RequestsList.swift */; };
		11FABCEA253BCD61004E34C3 /* Request.swift in Sources */ = {isa = PBXBuildFile; fileRef = 11FABCE9253BCD61004E34C3 /* Request.swift */; };
		11FABCEF253BCF6E004E34C3 /* DetailView.swift in Sources */ = {isa = PBXBuildFile; fileRef = 11FABCEE253BCF6E004E34C3 /* DetailView.swift */; };
		784C3B2D253BE92600349CBC /* SignUpViewController.swift in Sources */ = {isa = PBXBuildFile; fileRef = 784C3B2C253BE92600349CBC /* SignUpViewController.swift */; };
		784C3B32253BF25500349CBC /* HomeViewController.swift in Sources */ = {isa = PBXBuildFile; fileRef = 784C3B31253BF25500349CBC /* HomeViewController.swift */; };
		785C2143253BAC8F00A815A1 /* AppDelegate.swift in Sources */ = {isa = PBXBuildFile; fileRef = 785C2142253BAC8F00A815A1 /* AppDelegate.swift */; };
		785C2145253BAC8F00A815A1 /* SceneDelegate.swift in Sources */ = {isa = PBXBuildFile; fileRef = 785C2144253BAC8F00A815A1 /* SceneDelegate.swift */; };
		785C2147253BAC8F00A815A1 /* ViewController.swift in Sources */ = {isa = PBXBuildFile; fileRef = 785C2146253BAC8F00A815A1 /* ViewController.swift */; };
		785C214A253BAC8F00A815A1 /* Main.storyboard in Resources */ = {isa = PBXBuildFile; fileRef = 785C2148253BAC8F00A815A1 /* Main.storyboard */; };
		785C214D253BAC8F00A815A1 /* Flow.xcdatamodeld in Sources */ = {isa = PBXBuildFile; fileRef = 785C214B253BAC8F00A815A1 /* Flow.xcdatamodeld */; };
		785C214F253BAC9100A815A1 /* Assets.xcassets in Resources */ = {isa = PBXBuildFile; fileRef = 785C214E253BAC9100A815A1 /* Assets.xcassets */; };
		785C2152253BAC9100A815A1 /* LaunchScreen.storyboard in Resources */ = {isa = PBXBuildFile; fileRef = 785C2150253BAC9100A815A1 /* LaunchScreen.storyboard */; };
		785C215D253BAC9100A815A1 /* FlowTests.swift in Sources */ = {isa = PBXBuildFile; fileRef = 785C215C253BAC9100A815A1 /* FlowTests.swift */; };
		785C2168253BAC9100A815A1 /* FlowUITests.swift in Sources */ = {isa = PBXBuildFile; fileRef = 785C2167253BAC9100A815A1 /* FlowUITests.swift */; };
/* End PBXBuildFile section */

/* Begin PBXContainerItemProxy section */
		785C2159253BAC9100A815A1 /* PBXContainerItemProxy */ = {
			isa = PBXContainerItemProxy;
			containerPortal = 785C2137253BAC8F00A815A1 /* Project object */;
			proxyType = 1;
			remoteGlobalIDString = 785C213E253BAC8F00A815A1;
			remoteInfo = Flow;
		};
		785C2164253BAC9100A815A1 /* PBXContainerItemProxy */ = {
			isa = PBXContainerItemProxy;
			containerPortal = 785C2137253BAC8F00A815A1 /* Project object */;
			proxyType = 1;
			remoteGlobalIDString = 785C213E253BAC8F00A815A1;
			remoteInfo = Flow;
		};
/* End PBXContainerItemProxy section */

/* Begin PBXFileReference section */
		11FABCD1253BB226004E34C3 /* RequestsList.swift */ = {isa = PBXFileReference; lastKnownFileType = sourcecode.swift; path = RequestsList.swift; sourceTree = "<group>"; };
		11FABCE9253BCD61004E34C3 /* Request.swift */ = {isa = PBXFileReference; lastKnownFileType = sourcecode.swift; path = Request.swift; sourceTree = "<group>"; };
		11FABCEE253BCF6E004E34C3 /* DetailView.swift */ = {isa = PBXFileReference; lastKnownFileType = sourcecode.swift; path = DetailView.swift; sourceTree = "<group>"; };
		784C3B2C253BE92600349CBC /* SignUpViewController.swift */ = {isa = PBXFileReference; lastKnownFileType = sourcecode.swift; path = SignUpViewController.swift; sourceTree = "<group>"; };
		784C3B31253BF25500349CBC /* HomeViewController.swift */ = {isa = PBXFileReference; lastKnownFileType = sourcecode.swift; path = HomeViewController.swift; sourceTree = "<group>"; };
		785C213F253BAC8F00A815A1 /* Flow.app */ = {isa = PBXFileReference; explicitFileType = wrapper.application; includeInIndex = 0; path = Flow.app; sourceTree = BUILT_PRODUCTS_DIR; };
		785C2142253BAC8F00A815A1 /* AppDelegate.swift */ = {isa = PBXFileReference; lastKnownFileType = sourcecode.swift; path = AppDelegate.swift; sourceTree = "<group>"; };
		785C2144253BAC8F00A815A1 /* SceneDelegate.swift */ = {isa = PBXFileReference; lastKnownFileType = sourcecode.swift; path = SceneDelegate.swift; sourceTree = "<group>"; };
		785C2146253BAC8F00A815A1 /* ViewController.swift */ = {isa = PBXFileReference; lastKnownFileType = sourcecode.swift; path = ViewController.swift; sourceTree = "<group>"; };
		785C2149253BAC8F00A815A1 /* Base */ = {isa = PBXFileReference; lastKnownFileType = file.storyboard; name = Base; path = Base.lproj/Main.storyboard; sourceTree = "<group>"; };
		785C214C253BAC8F00A815A1 /* Flow.xcdatamodel */ = {isa = PBXFileReference; lastKnownFileType = wrapper.xcdatamodel; path = Flow.xcdatamodel; sourceTree = "<group>"; };
		785C214E253BAC9100A815A1 /* Assets.xcassets */ = {isa = PBXFileReference; lastKnownFileType = folder.assetcatalog; path = Assets.xcassets; sourceTree = "<group>"; };
		785C2151253BAC9100A815A1 /* Base */ = {isa = PBXFileReference; lastKnownFileType = file.storyboard; name = Base; path = Base.lproj/LaunchScreen.storyboard; sourceTree = "<group>"; };
		785C2153253BAC9100A815A1 /* Info.plist */ = {isa = PBXFileReference; lastKnownFileType = text.plist.xml; path = Info.plist; sourceTree = "<group>"; };
		785C2158253BAC9100A815A1 /* FlowTests.xctest */ = {isa = PBXFileReference; explicitFileType = wrapper.cfbundle; includeInIndex = 0; path = FlowTests.xctest; sourceTree = BUILT_PRODUCTS_DIR; };
		785C215C253BAC9100A815A1 /* FlowTests.swift */ = {isa = PBXFileReference; lastKnownFileType = sourcecode.swift; path = FlowTests.swift; sourceTree = "<group>"; };
		785C215E253BAC9100A815A1 /* Info.plist */ = {isa = PBXFileReference; lastKnownFileType = text.plist.xml; path = Info.plist; sourceTree = "<group>"; };
		785C2163253BAC9100A815A1 /* FlowUITests.xctest */ = {isa = PBXFileReference; explicitFileType = wrapper.cfbundle; includeInIndex = 0; path = FlowUITests.xctest; sourceTree = BUILT_PRODUCTS_DIR; };
		785C2167253BAC9100A815A1 /* FlowUITests.swift */ = {isa = PBXFileReference; lastKnownFileType = sourcecode.swift; path = FlowUITests.swift; sourceTree = "<group>"; };
		785C2169253BAC9100A815A1 /* Info.plist */ = {isa = PBXFileReference; lastKnownFileType = text.plist.xml; path = Info.plist; sourceTree = "<group>"; };
/* End PBXFileReference section */

/* Begin PBXFrameworksBuildPhase section */
		785C213C253BAC8F00A815A1 /* Frameworks */ = {
			isa = PBXFrameworksBuildPhase;
			buildActionMask = 2147483647;
			files = (
			);
			runOnlyForDeploymentPostprocessing = 0;
		};
		785C2155253BAC9100A815A1 /* Frameworks */ = {
			isa = PBXFrameworksBuildPhase;
			buildActionMask = 2147483647;
			files = (
			);
			runOnlyForDeploymentPostprocessing = 0;
		};
		785C2160253BAC9100A815A1 /* Frameworks */ = {
			isa = PBXFrameworksBuildPhase;
			buildActionMask = 2147483647;
			files = (
			);
			runOnlyForDeploymentPostprocessing = 0;
		};
/* End PBXFrameworksBuildPhase section */

/* Begin PBXGroup section */
		785C2136253BAC8F00A815A1 = {
			isa = PBXGroup;
			children = (
				785C2141253BAC8F00A815A1 /* Flow */,
				785C215B253BAC9100A815A1 /* FlowTests */,
				785C2166253BAC9100A815A1 /* FlowUITests */,
				785C2140253BAC8F00A815A1 /* Products */,
			);
			sourceTree = "<group>";
		};
		785C2140253BAC8F00A815A1 /* Products */ = {
			isa = PBXGroup;
			children = (
				785C213F253BAC8F00A815A1 /* Flow.app */,
				785C2158253BAC9100A815A1 /* FlowTests.xctest */,
				785C2163253BAC9100A815A1 /* FlowUITests.xctest */,
			);
			name = Products;
			sourceTree = "<group>";
		};
		785C2141253BAC8F00A815A1 /* Flow */ = {
			isa = PBXGroup;
			children = (
				785C2142253BAC8F00A815A1 /* AppDelegate.swift */,
				785C2144253BAC8F00A815A1 /* SceneDelegate.swift */,
				785C2146253BAC8F00A815A1 /* ViewController.swift */,
				11FABCD1253BB226004E34C3 /* RequestsList.swift */,
				11FABCE9253BCD61004E34C3 /* Request.swift */,
				11FABCEE253BCF6E004E34C3 /* DetailView.swift */,
				785C2148253BAC8F00A815A1 /* Main.storyboard */,
				785C214E253BAC9100A815A1 /* Assets.xcassets */,
				785C2150253BAC9100A815A1 /* LaunchScreen.storyboard */,
				785C2153253BAC9100A815A1 /* Info.plist */,
				785C214B253BAC8F00A815A1 /* Flow.xcdatamodeld */,
				784C3B2C253BE92600349CBC /* SignUpViewController.swift */,
				784C3B31253BF25500349CBC /* HomeViewController.swift */,
			);
			path = Flow;
			sourceTree = "<group>";
		};
		785C215B253BAC9100A815A1 /* FlowTests */ = {
			isa = PBXGroup;
			children = (
				785C215C253BAC9100A815A1 /* FlowTests.swift */,
				785C215E253BAC9100A815A1 /* Info.plist */,
			);
			path = FlowTests;
			sourceTree = "<group>";
		};
		785C2166253BAC9100A815A1 /* FlowUITests */ = {
			isa = PBXGroup;
			children = (
				785C2167253BAC9100A815A1 /* FlowUITests.swift */,
				785C2169253BAC9100A815A1 /* Info.plist */,
			);
			path = FlowUITests;
			sourceTree = "<group>";
		};
/* End PBXGroup section */

/* Begin PBXNativeTarget section */
		785C213E253BAC8F00A815A1 /* Flow */ = {
			isa = PBXNativeTarget;
			buildConfigurationList = 785C216C253BAC9100A815A1 /* Build configuration list for PBXNativeTarget "Flow" */;
			buildPhases = (
				785C213B253BAC8F00A815A1 /* Sources */,
				785C213C253BAC8F00A815A1 /* Frameworks */,
				785C213D253BAC8F00A815A1 /* Resources */,
			);
			buildRules = (
			);
			dependencies = (
			);
			name = Flow;
			productName = Flow;
			productReference = 785C213F253BAC8F00A815A1 /* Flow.app */;
			productType = "com.apple.product-type.application";
		};
		785C2157253BAC9100A815A1 /* FlowTests */ = {
			isa = PBXNativeTarget;
			buildConfigurationList = 785C216F253BAC9100A815A1 /* Build configuration list for PBXNativeTarget "FlowTests" */;
			buildPhases = (
				785C2154253BAC9100A815A1 /* Sources */,
				785C2155253BAC9100A815A1 /* Frameworks */,
				785C2156253BAC9100A815A1 /* Resources */,
			);
			buildRules = (
			);
			dependencies = (
				785C215A253BAC9100A815A1 /* PBXTargetDependency */,
			);
			name = FlowTests;
			productName = FlowTests;
			productReference = 785C2158253BAC9100A815A1 /* FlowTests.xctest */;
			productType = "com.apple.product-type.bundle.unit-test";
		};
		785C2162253BAC9100A815A1 /* FlowUITests */ = {
			isa = PBXNativeTarget;
			buildConfigurationList = 785C2172253BAC9100A815A1 /* Build configuration list for PBXNativeTarget "FlowUITests" */;
			buildPhases = (
				785C215F253BAC9100A815A1 /* Sources */,
				785C2160253BAC9100A815A1 /* Frameworks */,
				785C2161253BAC9100A815A1 /* Resources */,
			);
			buildRules = (
			);
			dependencies = (
				785C2165253BAC9100A815A1 /* PBXTargetDependency */,
			);
			name = FlowUITests;
			productName = FlowUITests;
			productReference = 785C2163253BAC9100A815A1 /* FlowUITests.xctest */;
			productType = "com.apple.product-type.bundle.ui-testing";
		};
/* End PBXNativeTarget section */

/* Begin PBXProject section */
		785C2137253BAC8F00A815A1 /* Project object */ = {
			isa = PBXProject;
			attributes = {
				LastSwiftUpdateCheck = 1200;
				LastUpgradeCheck = 1200;
				TargetAttributes = {
					785C213E253BAC8F00A815A1 = {
						CreatedOnToolsVersion = 12.0.1;
					};
					785C2157253BAC9100A815A1 = {
						CreatedOnToolsVersion = 12.0.1;
						TestTargetID = 785C213E253BAC8F00A815A1;
					};
					785C2162253BAC9100A815A1 = {
						CreatedOnToolsVersion = 12.0.1;
						TestTargetID = 785C213E253BAC8F00A815A1;
					};
				};
			};
			buildConfigurationList = 785C213A253BAC8F00A815A1 /* Build configuration list for PBXProject "Flow" */;
			compatibilityVersion = "Xcode 9.3";
			developmentRegion = en;
			hasScannedForEncodings = 0;
			knownRegions = (
				en,
				Base,
			);
			mainGroup = 785C2136253BAC8F00A815A1;
			productRefGroup = 785C2140253BAC8F00A815A1 /* Products */;
			projectDirPath = "";
			projectRoot = "";
			targets = (
				785C213E253BAC8F00A815A1 /* Flow */,
				785C2157253BAC9100A815A1 /* FlowTests */,
				785C2162253BAC9100A815A1 /* FlowUITests */,
			);
		};
/* End PBXProject section */

/* Begin PBXResourcesBuildPhase section */
		785C213D253BAC8F00A815A1 /* Resources */ = {
			isa = PBXResourcesBuildPhase;
			buildActionMask = 2147483647;
			files = (
				785C2152253BAC9100A815A1 /* LaunchScreen.storyboard in Resources */,
				785C214F253BAC9100A815A1 /* Assets.xcassets in Resources */,
				785C214A253BAC8F00A815A1 /* Main.storyboard in Resources */,
			);
			runOnlyForDeploymentPostprocessing = 0;
		};
		785C2156253BAC9100A815A1 /* Resources */ = {
			isa = PBXResourcesBuildPhase;
			buildActionMask = 2147483647;
			files = (
			);
			runOnlyForDeploymentPostprocessing = 0;
		};
		785C2161253BAC9100A815A1 /* Resources */ = {
			isa = PBXResourcesBuildPhase;
			buildActionMask = 2147483647;
			files = (
			);
			runOnlyForDeploymentPostprocessing = 0;
		};
/* End PBXResourcesBuildPhase section */

/* Begin PBXSourcesBuildPhase section */
		785C213B253BAC8F00A815A1 /* Sources */ = {
			isa = PBXSourcesBuildPhase;
			buildActionMask = 2147483647;
			files = (
				785C2147253BAC8F00A815A1 /* ViewController.swift in Sources */,
				11FABCEA253BCD61004E34C3 /* Request.swift in Sources */,
				784C3B2D253BE92600349CBC /* SignUpViewController.swift in Sources */,
				785C214D253BAC8F00A815A1 /* Flow.xcdatamodeld in Sources */,
				11FABCEF253BCF6E004E34C3 /* DetailView.swift in Sources */,
				784C3B32253BF25500349CBC /* HomeViewController.swift in Sources */,
				785C2143253BAC8F00A815A1 /* AppDelegate.swift in Sources */,
				11FABCD2253BB226004E34C3 /* RequestsList.swift in Sources */,
				785C2145253BAC8F00A815A1 /* SceneDelegate.swift in Sources */,
			);
			runOnlyForDeploymentPostprocessing = 0;
		};
		785C2154253BAC9100A815A1 /* Sources */ = {
			isa = PBXSourcesBuildPhase;
			buildActionMask = 2147483647;
			files = (
				785C215D253BAC9100A815A1 /* FlowTests.swift in Sources */,
			);
			runOnlyForDeploymentPostprocessing = 0;
		};
		785C215F253BAC9100A815A1 /* Sources */ = {
			isa = PBXSourcesBuildPhase;
			buildActionMask = 2147483647;
			files = (
				785C2168253BAC9100A815A1 /* FlowUITests.swift in Sources */,
			);
			runOnlyForDeploymentPostprocessing = 0;
		};
/* End PBXSourcesBuildPhase section */

/* Begin PBXTargetDependency section */
		785C215A253BAC9100A815A1 /* PBXTargetDependency */ = {
			isa = PBXTargetDependency;
			target = 785C213E253BAC8F00A815A1 /* Flow */;
			targetProxy = 785C2159253BAC9100A815A1 /* PBXContainerItemProxy */;
		};
		785C2165253BAC9100A815A1 /* PBXTargetDependency */ = {
			isa = PBXTargetDependency;
			target = 785C213E253BAC8F00A815A1 /* Flow */;
			targetProxy = 785C2164253BAC9100A815A1 /* PBXContainerItemProxy */;
		};
/* End PBXTargetDependency section */

/* Begin PBXVariantGroup section */
		785C2148253BAC8F00A815A1 /* Main.storyboard */ = {
			isa = PBXVariantGroup;
			children = (
				785C2149253BAC8F00A815A1 /* Base */,
			);
			name = Main.storyboard;
			sourceTree = "<group>";
		};
		785C2150253BAC9100A815A1 /* LaunchScreen.storyboard */ = {
			isa = PBXVariantGroup;
			children = (
				785C2151253BAC9100A815A1 /* Base */,
			);
			name = LaunchScreen.storyboard;
			sourceTree = "<group>";
		};
/* End PBXVariantGroup section */

/* Begin XCBuildConfiguration section */
		785C216A253BAC9100A815A1 /* Debug */ = {
			isa = XCBuildConfiguration;
			buildSettings = {
				ALWAYS_SEARCH_USER_PATHS = NO;
				CLANG_ANALYZER_NONNULL = YES;
				CLANG_ANALYZER_NUMBER_OBJECT_CONVERSION = YES_AGGRESSIVE;
				CLANG_CXX_LANGUAGE_STANDARD = "gnu++14";
				CLANG_CXX_LIBRARY = "libc++";
				CLANG_ENABLE_MODULES = YES;
				CLANG_ENABLE_OBJC_ARC = YES;
				CLANG_ENABLE_OBJC_WEAK = YES;
				CLANG_WARN_BLOCK_CAPTURE_AUTORELEASING = YES;
				CLANG_WARN_BOOL_CONVERSION = YES;
				CLANG_WARN_COMMA = YES;
				CLANG_WARN_CONSTANT_CONVERSION = YES;
				CLANG_WARN_DEPRECATED_OBJC_IMPLEMENTATIONS = YES;
				CLANG_WARN_DIRECT_OBJC_ISA_USAGE = YES_ERROR;
				CLANG_WARN_DOCUMENTATION_COMMENTS = YES;
				CLANG_WARN_EMPTY_BODY = YES;
				CLANG_WARN_ENUM_CONVERSION = YES;
				CLANG_WARN_INFINITE_RECURSION = YES;
				CLANG_WARN_INT_CONVERSION = YES;
				CLANG_WARN_NON_LITERAL_NULL_CONVERSION = YES;
				CLANG_WARN_OBJC_IMPLICIT_RETAIN_SELF = YES;
				CLANG_WARN_OBJC_LITERAL_CONVERSION = YES;
				CLANG_WARN_OBJC_ROOT_CLASS = YES_ERROR;
				CLANG_WARN_QUOTED_INCLUDE_IN_FRAMEWORK_HEADER = YES;
				CLANG_WARN_RANGE_LOOP_ANALYSIS = YES;
				CLANG_WARN_STRICT_PROTOTYPES = YES;
				CLANG_WARN_SUSPICIOUS_MOVE = YES;
				CLANG_WARN_UNGUARDED_AVAILABILITY = YES_AGGRESSIVE;
				CLANG_WARN_UNREACHABLE_CODE = YES;
				CLANG_WARN__DUPLICATE_METHOD_MATCH = YES;
				COPY_PHASE_STRIP = NO;
				DEBUG_INFORMATION_FORMAT = dwarf;
				ENABLE_STRICT_OBJC_MSGSEND = YES;
				ENABLE_TESTABILITY = YES;
				GCC_C_LANGUAGE_STANDARD = gnu11;
				GCC_DYNAMIC_NO_PIC = NO;
				GCC_NO_COMMON_BLOCKS = YES;
				GCC_OPTIMIZATION_LEVEL = 0;
				GCC_PREPROCESSOR_DEFINITIONS = (
					"DEBUG=1",
					"$(inherited)",
				);
				GCC_WARN_64_TO_32_BIT_CONVERSION = YES;
				GCC_WARN_ABOUT_RETURN_TYPE = YES_ERROR;
				GCC_WARN_UNDECLARED_SELECTOR = YES;
				GCC_WARN_UNINITIALIZED_AUTOS = YES_AGGRESSIVE;
				GCC_WARN_UNUSED_FUNCTION = YES;
				GCC_WARN_UNUSED_VARIABLE = YES;
				IPHONEOS_DEPLOYMENT_TARGET = 14.0;
				MTL_ENABLE_DEBUG_INFO = INCLUDE_SOURCE;
				MTL_FAST_MATH = YES;
				ONLY_ACTIVE_ARCH = YES;
				SDKROOT = iphoneos;
				SWIFT_ACTIVE_COMPILATION_CONDITIONS = DEBUG;
				SWIFT_OPTIMIZATION_LEVEL = "-Onone";
			};
			name = Debug;
		};
		785C216B253BAC9100A815A1 /* Release */ = {
			isa = XCBuildConfiguration;
			buildSettings = {
				ALWAYS_SEARCH_USER_PATHS = NO;
				CLANG_ANALYZER_NONNULL = YES;
				CLANG_ANALYZER_NUMBER_OBJECT_CONVERSION = YES_AGGRESSIVE;
				CLANG_CXX_LANGUAGE_STANDARD = "gnu++14";
				CLANG_CXX_LIBRARY = "libc++";
				CLANG_ENABLE_MODULES = YES;
				CLANG_ENABLE_OBJC_ARC = YES;
				CLANG_ENABLE_OBJC_WEAK = YES;
				CLANG_WARN_BLOCK_CAPTURE_AUTORELEASING = YES;
				CLANG_WARN_BOOL_CONVERSION = YES;
				CLANG_WARN_COMMA = YES;
				CLANG_WARN_CONSTANT_CONVERSION = YES;
				CLANG_WARN_DEPRECATED_OBJC_IMPLEMENTATIONS = YES;
				CLANG_WARN_DIRECT_OBJC_ISA_USAGE = YES_ERROR;
				CLANG_WARN_DOCUMENTATION_COMMENTS = YES;
				CLANG_WARN_EMPTY_BODY = YES;
				CLANG_WARN_ENUM_CONVERSION = YES;
				CLANG_WARN_INFINITE_RECURSION = YES;
				CLANG_WARN_INT_CONVERSION = YES;
				CLANG_WARN_NON_LITERAL_NULL_CONVERSION = YES;
				CLANG_WARN_OBJC_IMPLICIT_RETAIN_SELF = YES;
				CLANG_WARN_OBJC_LITERAL_CONVERSION = YES;
				CLANG_WARN_OBJC_ROOT_CLASS = YES_ERROR;
				CLANG_WARN_QUOTED_INCLUDE_IN_FRAMEWORK_HEADER = YES;
				CLANG_WARN_RANGE_LOOP_ANALYSIS = YES;
				CLANG_WARN_STRICT_PROTOTYPES = YES;
				CLANG_WARN_SUSPICIOUS_MOVE = YES;
				CLANG_WARN_UNGUARDED_AVAILABILITY = YES_AGGRESSIVE;
				CLANG_WARN_UNREACHABLE_CODE = YES;
				CLANG_WARN__DUPLICATE_METHOD_MATCH = YES;
				COPY_PHASE_STRIP = NO;
				DEBUG_INFORMATION_FORMAT = "dwarf-with-dsym";
				ENABLE_NS_ASSERTIONS = NO;
				ENABLE_STRICT_OBJC_MSGSEND = YES;
				GCC_C_LANGUAGE_STANDARD = gnu11;
				GCC_NO_COMMON_BLOCKS = YES;
				GCC_WARN_64_TO_32_BIT_CONVERSION = YES;
				GCC_WARN_ABOUT_RETURN_TYPE = YES_ERROR;
				GCC_WARN_UNDECLARED_SELECTOR = YES;
				GCC_WARN_UNINITIALIZED_AUTOS = YES_AGGRESSIVE;
				GCC_WARN_UNUSED_FUNCTION = YES;
				GCC_WARN_UNUSED_VARIABLE = YES;
				IPHONEOS_DEPLOYMENT_TARGET = 14.0;
				MTL_ENABLE_DEBUG_INFO = NO;
				MTL_FAST_MATH = YES;
				SDKROOT = iphoneos;
				SWIFT_COMPILATION_MODE = wholemodule;
				SWIFT_OPTIMIZATION_LEVEL = "-O";
				VALIDATE_PRODUCT = YES;
			};
			name = Release;
		};
		785C216D253BAC9100A815A1 /* Debug */ = {
			isa = XCBuildConfiguration;
			buildSettings = {
				ASSETCATALOG_COMPILER_APPICON_NAME = AppIcon;
				ASSETCATALOG_COMPILER_GLOBAL_ACCENT_COLOR_NAME = AccentColor;
				CODE_SIGN_STYLE = Automatic;
				INFOPLIST_FILE = Flow/Info.plist;
				LD_RUNPATH_SEARCH_PATHS = (
					"$(inherited)",
					"@executable_path/Frameworks",
				);
				PRODUCT_BUNDLE_IDENTIFIER = com.Flow;
				PRODUCT_NAME = "$(TARGET_NAME)";
				SWIFT_VERSION = 5.0;
				TARGETED_DEVICE_FAMILY = "1,2";
			};
			name = Debug;
		};
		785C216E253BAC9100A815A1 /* Release */ = {
			isa = XCBuildConfiguration;
			buildSettings = {
				ASSETCATALOG_COMPILER_APPICON_NAME = AppIcon;
				ASSETCATALOG_COMPILER_GLOBAL_ACCENT_COLOR_NAME = AccentColor;
				CODE_SIGN_STYLE = Automatic;
				INFOPLIST_FILE = Flow/Info.plist;
				LD_RUNPATH_SEARCH_PATHS = (
					"$(inherited)",
					"@executable_path/Frameworks",
				);
				PRODUCT_BUNDLE_IDENTIFIER = com.Flow;
				PRODUCT_NAME = "$(TARGET_NAME)";
				SWIFT_VERSION = 5.0;
				TARGETED_DEVICE_FAMILY = "1,2";
			};
			name = Release;
		};
		785C2170253BAC9100A815A1 /* Debug */ = {
			isa = XCBuildConfiguration;
			buildSettings = {
				ALWAYS_EMBED_SWIFT_STANDARD_LIBRARIES = YES;
				BUNDLE_LOADER = "$(TEST_HOST)";
				CODE_SIGN_STYLE = Automatic;
				INFOPLIST_FILE = FlowTests/Info.plist;
				IPHONEOS_DEPLOYMENT_TARGET = 14.0;
				LD_RUNPATH_SEARCH_PATHS = (
					"$(inherited)",
					"@executable_path/Frameworks",
					"@loader_path/Frameworks",
				);
				PRODUCT_BUNDLE_IDENTIFIER = com.FlowTests;
				PRODUCT_NAME = "$(TARGET_NAME)";
				SWIFT_VERSION = 5.0;
				TARGETED_DEVICE_FAMILY = "1,2";
				TEST_HOST = "$(BUILT_PRODUCTS_DIR)/Flow.app/Flow";
			};
			name = Debug;
		};
		785C2171253BAC9100A815A1 /* Release */ = {
			isa = XCBuildConfiguration;
			buildSettings = {
				ALWAYS_EMBED_SWIFT_STANDARD_LIBRARIES = YES;
				BUNDLE_LOADER = "$(TEST_HOST)";
				CODE_SIGN_STYLE = Automatic;
				INFOPLIST_FILE = FlowTests/Info.plist;
				IPHONEOS_DEPLOYMENT_TARGET = 14.0;
				LD_RUNPATH_SEARCH_PATHS = (
					"$(inherited)",
					"@executable_path/Frameworks",
					"@loader_path/Frameworks",
				);
				PRODUCT_BUNDLE_IDENTIFIER = com.FlowTests;
				PRODUCT_NAME = "$(TARGET_NAME)";
				SWIFT_VERSION = 5.0;
				TARGETED_DEVICE_FAMILY = "1,2";
				TEST_HOST = "$(BUILT_PRODUCTS_DIR)/Flow.app/Flow";
			};
			name = Release;
		};
		785C2173253BAC9100A815A1 /* Debug */ = {
			isa = XCBuildConfiguration;
			buildSettings = {
				ALWAYS_EMBED_SWIFT_STANDARD_LIBRARIES = YES;
				CODE_SIGN_STYLE = Automatic;
				INFOPLIST_FILE = FlowUITests/Info.plist;
				LD_RUNPATH_SEARCH_PATHS = (
					"$(inherited)",
					"@executable_path/Frameworks",
					"@loader_path/Frameworks",
				);
				PRODUCT_BUNDLE_IDENTIFIER = com.FlowUITests;
				PRODUCT_NAME = "$(TARGET_NAME)";
				SWIFT_VERSION = 5.0;
				TARGETED_DEVICE_FAMILY = "1,2";
				TEST_TARGET_NAME = Flow;
			};
			name = Debug;
		};
		785C2174253BAC9100A815A1 /* Release */ = {
			isa = XCBuildConfiguration;
			buildSettings = {
				ALWAYS_EMBED_SWIFT_STANDARD_LIBRARIES = YES;
				CODE_SIGN_STYLE = Automatic;
				INFOPLIST_FILE = FlowUITests/Info.plist;
				LD_RUNPATH_SEARCH_PATHS = (
					"$(inherited)",
					"@executable_path/Frameworks",
					"@loader_path/Frameworks",
				);
				PRODUCT_BUNDLE_IDENTIFIER = com.FlowUITests;
				PRODUCT_NAME = "$(TARGET_NAME)";
				SWIFT_VERSION = 5.0;
				TARGETED_DEVICE_FAMILY = "1,2";
				TEST_TARGET_NAME = Flow;
			};
			name = Release;
		};
/* End XCBuildConfiguration section */

/* Begin XCConfigurationList section */
		785C213A253BAC8F00A815A1 /* Build configuration list for PBXProject "Flow" */ = {
			isa = XCConfigurationList;
			buildConfigurations = (
				785C216A253BAC9100A815A1 /* Debug */,
				785C216B253BAC9100A815A1 /* Release */,
			);
			defaultConfigurationIsVisible = 0;
			defaultConfigurationName = Release;
		};
		785C216C253BAC9100A815A1 /* Build configuration list for PBXNativeTarget "Flow" */ = {
			isa = XCConfigurationList;
			buildConfigurations = (
				785C216D253BAC9100A815A1 /* Debug */,
				785C216E253BAC9100A815A1 /* Release */,
			);
			defaultConfigurationIsVisible = 0;
			defaultConfigurationName = Release;
		};
		785C216F253BAC9100A815A1 /* Build configuration list for PBXNativeTarget "FlowTests" */ = {
			isa = XCConfigurationList;
			buildConfigurations = (
				785C2170253BAC9100A815A1 /* Debug */,
				785C2171253BAC9100A815A1 /* Release */,
			);
			defaultConfigurationIsVisible = 0;
			defaultConfigurationName = Release;
		};
		785C2172253BAC9100A815A1 /* Build configuration list for PBXNativeTarget "FlowUITests" */ = {
			isa = XCConfigurationList;
			buildConfigurations = (
				785C2173253BAC9100A815A1 /* Debug */,
				785C2174253BAC9100A815A1 /* Release */,
			);
			defaultConfigurationIsVisible = 0;
			defaultConfigurationName = Release;
		};
/* End XCConfigurationList section */

/* Begin XCVersionGroup section */
		785C214B253BAC8F00A815A1 /* Flow.xcdatamodeld */ = {
			isa = XCVersionGroup;
			children = (
				785C214C253BAC8F00A815A1 /* Flow.xcdatamodel */,
			);
			currentVersion = 785C214C253BAC8F00A815A1 /* Flow.xcdatamodel */;
			path = Flow.xcdatamodeld;
			sourceTree = "<group>";
			versionGroupType = wrapper.xcdatamodel;
		};
/* End XCVersionGroup section */
	};
	rootObject = 785C2137253BAC8F00A815A1 /* Project object */;
}
